
Microsoft Visual Studio Solution File, Format Version 12.00
# Visual Studio Version 17
VisualStudioVersion = 17.9.34607.119
MinimumVisualStudioVersion = 10.0.40219.1
Project("{FAE04EC0-301F-11D3-BF4B-00C04F79EFBC}") = "Contacts.Model", "..\Contacts.Model\Contacts.Model.csproj", "{F324D841-8D6B-412C-A6D7-3766DDD1E5B4}"
EndProject
Project("{FAE04EC0-301F-11D3-BF4B-00C04F79EFBC}") = "Contacts.ViewModel", "..\Contacts.ViewModel\Contacts.ViewModel.csproj", "{8CA6B44C-2DF6-46A9-BAC9-423FE61B0EA1}"
EndProject
Project("{FAE04EC0-301F-11D3-BF4B-00C04F79EFBC}") = "Contacts.View", "..\Contacts.View\Contacts.View.csproj", "{C4D89B52-1B87-4891-8631-67F677CB9C35}"
EndProject
Global
	GlobalSection(SolutionConfigurationPlatforms) = preSolution
		Debug|Any CPU = Debug|Any CPU
		Release|Any CPU = Release|Any CPU
	EndGlobalSection
	GlobalSection(ProjectConfigurationPlatforms) = postSolution
		{F324D841-8D6B-412C-A6D7-3766DDD1E5B4}.Debug|Any CPU.ActiveCfg = Debug|Any CPU
		{F324D841-8D6B-412C-A6D7-3766DDD1E5B4}.Debug|Any CPU.Build.0 = Debug|Any CPU
		{F324D841-8D6B-412C-A6D7-3766DDD1E5B4}.Release|Any CPU.ActiveCfg = Release|Any CPU
		{F324D841-8D6B-412C-A6D7-3766DDD1E5B4}.Release|Any CPU.Build.0 = Release|Any CPU
		{8CA6B44C-2DF6-46A9-BAC9-423FE61B0EA1}.Debug|Any CPU.ActiveCfg = Debug|Any CPU
		{8CA6B44C-2DF6-46A9-BAC9-423FE61B0EA1}.Debug|Any CPU.Build.0 = Debug|Any CPU
		{8CA6B44C-2DF6-46A9-BAC9-423FE61B0EA1}.Release|Any CPU.ActiveCfg = Release|Any CPU
		{8CA6B44C-2DF6-46A9-BAC9-423FE61B0EA1}.Release|Any CPU.Build.0 = Release|Any CPU
		{C4D89B52-1B87-4891-8631-67F677CB9C35}.Debug|Any CPU.ActiveCfg = Debug|Any CPU
		{C4D89B52-1B87-4891-8631-67F677CB9C35}.Debug|Any CPU.Build.0 = Debug|Any CPU
		{C4D89B52-1B87-4891-8631-67F677CB9C35}.Release|Any CPU.ActiveCfg = Release|Any CPU
		{C4D89B52-1B87-4891-8631-67F677CB9C35}.Release|Any CPU.Build.0 = Release|Any CPU
	EndGlobalSection
	GlobalSection(SolutionProperties) = preSolution
		HideSolutionNode = FALSE
	EndGlobalSection
	GlobalSection(ExtensibilityGlobals) = postSolution
		SolutionGuid = {914B4935-2973-4EF8-9AFF-4EBE667B1D4F}
	EndGlobalSection
EndGlobal
